{
  "version": 4,
  "terraform_version": "1.9.5",
  "serial": 32,
  "lineage": "97978cf9-ce9c-15f8-caf2-7ff93133f757",
  "outputs": {
    "database_vm_name": {
      "value": "costco-logistics-fulfillment-db-vm",
      "type": "string"
    },
    "database_vm_public_ip": {
      "value": "172.191.104.100",
      "type": "string"
    },
    "frontend_vm_names": {
      "value": [
        "costco-logistics-fulfillment-frontend-vm-1",
        "costco-logistics-fulfillment-frontend-vm-2",
        "costco-logistics-fulfillment-frontend-vm-3"
      ],
      "type": [
        "tuple",
        [
          "string",
          "string",
          "string"
        ]
      ]
    },
    "frontend_vm_public_ips": {
      "value": [
        "172.172.210.141",
        "172.190.163.232",
        "172.172.209.87"
      ],
      "type": [
        "tuple",
        [
          "string",
          "string",
          "string"
        ]
      ]
    },
    "loadbalancer_vm_name": {
      "value": "costco-logistics-fulfillment-lb-vm",
      "type": "string"
    },
    "loadbalancer_vm_public_ip": {
      "value": "40.121.182.122",
      "type": "string"
    }
  },
  "resources": [
    {
      "mode": "managed",
      "type": "azurerm_linux_virtual_machine",
      "name": "database_vm",
      "provider": "provider[\"registry.terraform.io/hashicorp/azurerm\"]",
      "instances": [
        {
          "schema_version": 0,
          "attributes": {
            "additional_capabilities": [],
            "admin_password": "YourSecurePassword123!",
            "admin_ssh_key": [],
            "admin_username": "azureuser",
            "allow_extension_operations": true,
            "availability_set_id": "",
            "boot_diagnostics": [],
            "bypass_platform_safety_checks_on_user_schedule_enabled": false,
            "capacity_reservation_group_id": "",
            "computer_name": "costco-logistics-fulfillment-db-vm",
            "custom_data": null,
            "dedicated_host_group_id": "",
            "dedicated_host_id": "",
            "disable_password_authentication": false,
            "disk_controller_type": "",
            "edge_zone": "",
            "encryption_at_host_enabled": false,
            "eviction_policy": "",
            "extensions_time_budget": "PT1H30M",
            "gallery_application": [],
            "id": "/subscriptions/27bc640c-c9a8-4e69-829d-a9814bec414f/resourceGroups/costco-logistics-fulfillment-resource-group/providers/Microsoft.Compute/virtualMachines/costco-logistics-fulfillment-db-vm",
            "identity": [],
            "license_type": "",
            "location": "eastus",
            "max_bid_price": -1,
            "name": "costco-logistics-fulfillment-db-vm",
            "network_interface_ids": [
              "/subscriptions/27bc640c-c9a8-4e69-829d-a9814bec414f/resourceGroups/costco-logistics-fulfillment-resource-group/providers/Microsoft.Network/networkInterfaces/costco-logistics-fulfillment-db-nic"
            ],
            "os_disk": [
              {
                "caching": "ReadWrite",
                "diff_disk_settings": [],
                "disk_encryption_set_id": "",
                "disk_size_gb": 30,
                "name": "costco-logistics-fulfillment-db-vm_disk1_5951e00f71d2474ab0e20870b29ba16d",
                "secure_vm_disk_encryption_set_id": "",
                "security_encryption_type": "",
                "storage_account_type": "Standard_LRS",
                "write_accelerator_enabled": false
              }
            ],
            "os_image_notification": [],
            "patch_assessment_mode": "ImageDefault",
            "patch_mode": "ImageDefault",
            "plan": [],
            "platform_fault_domain": -1,
            "priority": "Regular",
            "private_ip_address": "10.0.3.4",
            "private_ip_addresses": [
              "10.0.3.4"
            ],
            "provision_vm_agent": true,
            "proximity_placement_group_id": "",
            "public_ip_address": "172.191.104.100",
            "public_ip_addresses": [
              "172.191.104.100"
            ],
            "reboot_setting": "",
            "resource_group_name": "costco-logistics-fulfillment-resource-group",
            "secret": [],
            "secure_boot_enabled": false,
            "size": "Standard_B1s",
            "source_image_id": "",
            "source_image_reference": [
              {
                "offer": "UbuntuServer",
                "publisher": "Canonical",
                "sku": "18.04-LTS",
                "version": "latest"
              }
            ],
            "tags": {},
            "termination_notification": [],
            "timeouts": null,
            "user_data": "",
            "virtual_machine_id": "3bf3b8e9-481a-436a-9c8f-44fe84bdf2bb",
            "virtual_machine_scale_set_id": "",
            "vm_agent_platform_updates_enabled": false,
            "vtpm_enabled": false,
            "zone": ""
          },
          "sensitive_attributes": [
            [
              {
                "type": "get_attr",
                "value": "custom_data"
              }
            ],
            [
              {
                "type": "get_attr",
                "value": "admin_password"
              }
            ]
          ],
          "private": "eyJlMmJmYjczMC1lY2FhLTExZTYtOGY4OC0zNDM2M2JjN2M0YzAiOnsiY3JlYXRlIjoyNzAwMDAwMDAwMDAwLCJkZWxldGUiOjI3MDAwMDAwMDAwMDAsInJlYWQiOjMwMDAwMDAwMDAwMCwidXBkYXRlIjoyNzAwMDAwMDAwMDAwfX0=",
          "dependencies": [
            "azurerm_network_interface.database_nic",
            "azurerm_public_ip.database_public_ip",
            "azurerm_resource_group.costco_logistics_fulfillment_rg",
            "azurerm_subnet.database_subnet",
            "azurerm_virtual_network.vnet"
          ]
        }
      ]
    },
    {
      "mode": "managed",
      "type": "azurerm_linux_virtual_machine",
      "name": "frontend_vm",
      "provider": "provider[\"registry.terraform.io/hashicorp/azurerm\"]",
      "instances": [
        {
          "index_key": 0,
          "schema_version": 0,
          "attributes": {
            "additional_capabilities": [],
            "admin_password": "YourSecurePassword123!",
            "admin_ssh_key": [],
            "admin_username": "azureuser",
            "allow_extension_operations": true,
            "availability_set_id": "",
            "boot_diagnostics": [],
            "bypass_platform_safety_checks_on_user_schedule_enabled": false,
            "capacity_reservation_group_id": "",
            "computer_name": "costco-logistics-fulfillment-frontend-vm-1",
            "custom_data": null,
            "dedicated_host_group_id": "",
            "dedicated_host_id": "",
            "disable_password_authentication": false,
            "disk_controller_type": "",
            "edge_zone": "",
            "encryption_at_host_enabled": false,
            "eviction_policy": "",
            "extensions_time_budget": "PT1H30M",
            "gallery_application": [],
            "id": "/subscriptions/27bc640c-c9a8-4e69-829d-a9814bec414f/resourceGroups/costco-logistics-fulfillment-resource-group/providers/Microsoft.Compute/virtualMachines/costco-logistics-fulfillment-frontend-vm-1",
            "identity": [],
            "license_type": "",
            "location": "eastus",
            "max_bid_price": -1,
            "name": "costco-logistics-fulfillment-frontend-vm-1",
            "network_interface_ids": [
              "/subscriptions/27bc640c-c9a8-4e69-829d-a9814bec414f/resourceGroups/costco-logistics-fulfillment-resource-group/providers/Microsoft.Network/networkInterfaces/costco-logistics-fulfillment-frontend-nic-1"
            ],
            "os_disk": [
              {
                "caching": "ReadWrite",
                "diff_disk_settings": [],
                "disk_encryption_set_id": "",
                "disk_size_gb": 30,
                "name": "costco-logistics-fulfillment-frontend-vm-OS__1_9909713df8784d6d9c4fd7f7441b791c",
                "secure_vm_disk_encryption_set_id": "",
                "security_encryption_type": "",
                "storage_account_type": "Standard_LRS",
                "write_accelerator_enabled": false
              }
            ],
            "os_image_notification": [],
            "patch_assessment_mode": "ImageDefault",
            "patch_mode": "ImageDefault",
            "plan": [],
            "platform_fault_domain": -1,
            "priority": "Regular",
            "private_ip_address": "10.0.2.5",
            "private_ip_addresses": [
              "10.0.2.5"
            ],
            "provision_vm_agent": true,
            "proximity_placement_group_id": "",
            "public_ip_address": "172.172.210.141",
            "public_ip_addresses": [
              "172.172.210.141"
            ],
            "reboot_setting": "",
            "resource_group_name": "costco-logistics-fulfillment-resource-group",
            "secret": [],
            "secure_boot_enabled": false,
            "size": "Standard_B1s",
            "source_image_id": "",
            "source_image_reference": [
              {
                "offer": "UbuntuServer",
                "publisher": "Canonical",
                "sku": "18.04-LTS",
                "version": "latest"
              }
            ],
            "tags": {},
            "termination_notification": [],
            "timeouts": null,
            "user_data": "",
            "virtual_machine_id": "07ec3da5-4282-415f-92de-6ba5f8a6bc67",
            "virtual_machine_scale_set_id": "",
            "vm_agent_platform_updates_enabled": false,
            "vtpm_enabled": false,
            "zone": ""
          },
          "sensitive_attributes": [
            [
              {
                "type": "get_attr",
                "value": "admin_password"
              }
            ],
            [
              {
                "type": "get_attr",
                "value": "custom_data"
              }
            ]
          ],
          "private": "eyJlMmJmYjczMC1lY2FhLTExZTYtOGY4OC0zNDM2M2JjN2M0YzAiOnsiY3JlYXRlIjoyNzAwMDAwMDAwMDAwLCJkZWxldGUiOjI3MDAwMDAwMDAwMDAsInJlYWQiOjMwMDAwMDAwMDAwMCwidXBkYXRlIjoyNzAwMDAwMDAwMDAwfX0=",
          "dependencies": [
            "azurerm_network_interface.frontend_nic",
            "azurerm_public_ip.frontend_public_ip",
            "azurerm_resource_group.costco_logistics_fulfillment_rg",
            "azurerm_subnet.frontend_subnet",
            "azurerm_virtual_network.vnet"
          ]
        },
        {
          "index_key": 1,
          "schema_version": 0,
          "attributes": {
            "additional_capabilities": [],
            "admin_password": "YourSecurePassword123!",
            "admin_ssh_key": [],
            "admin_username": "azureuser",
            "allow_extension_operations": true,
            "availability_set_id": "",
            "boot_diagnostics": [],
            "bypass_platform_safety_checks_on_user_schedule_enabled": false,
            "capacity_reservation_group_id": "",
            "computer_name": "costco-logistics-fulfillment-frontend-vm-2",
            "custom_data": null,
            "dedicated_host_group_id": "",
            "dedicated_host_id": "",
            "disable_password_authentication": false,
            "disk_controller_type": "",
            "edge_zone": "",
            "encryption_at_host_enabled": false,
            "eviction_policy": "",
            "extensions_time_budget": "PT1H30M",
            "gallery_application": [],
            "id": "/subscriptions/27bc640c-c9a8-4e69-829d-a9814bec414f/resourceGroups/costco-logistics-fulfillment-resource-group/providers/Microsoft.Compute/virtualMachines/costco-logistics-fulfillment-frontend-vm-2",
            "identity": [],
            "license_type": "",
            "location": "eastus",
            "max_bid_price": -1,
            "name": "costco-logistics-fulfillment-frontend-vm-2",
            "network_interface_ids": [
              "/subscriptions/27bc640c-c9a8-4e69-829d-a9814bec414f/resourceGroups/costco-logistics-fulfillment-resource-group/providers/Microsoft.Network/networkInterfaces/costco-logistics-fulfillment-frontend-nic-2"
            ],
            "os_disk": [
              {
                "caching": "ReadWrite",
                "diff_disk_settings": [],
                "disk_encryption_set_id": "",
                "disk_size_gb": 30,
                "name": "costco-logistics-fulfillment-frontend-vm-OS__1_29dca57eb5394111b4f3fdb8820f3960",
                "secure_vm_disk_encryption_set_id": "",
                "security_encryption_type": "",
                "storage_account_type": "Standard_LRS",
                "write_accelerator_enabled": false
              }
            ],
            "os_image_notification": [],
            "patch_assessment_mode": "ImageDefault",
            "patch_mode": "ImageDefault",
            "plan": [],
            "platform_fault_domain": -1,
            "priority": "Regular",
            "private_ip_address": "10.0.2.4",
            "private_ip_addresses": [
              "10.0.2.4"
            ],
            "provision_vm_agent": true,
            "proximity_placement_group_id": "",
            "public_ip_address": "172.190.163.232",
            "public_ip_addresses": [
              "172.190.163.232"
            ],
            "reboot_setting": "",
            "resource_group_name": "costco-logistics-fulfillment-resource-group",
            "secret": [],
            "secure_boot_enabled": false,
            "size": "Standard_B1s",
            "source_image_id": "",
            "source_image_reference": [
              {
                "offer": "UbuntuServer",
                "publisher": "Canonical",
                "sku": "18.04-LTS",
                "version": "latest"
              }
            ],
            "tags": {},
            "termination_notification": [],
            "timeouts": null,
            "user_data": "",
            "virtual_machine_id": "a587a0fd-0f9e-4834-80ab-d5076445629c",
            "virtual_machine_scale_set_id": "",
            "vm_agent_platform_updates_enabled": false,
            "vtpm_enabled": false,
            "zone": ""
          },
          "sensitive_attributes": [
            [
              {
                "type": "get_attr",
                "value": "custom_data"
              }
            ],
            [
              {
                "type": "get_attr",
                "value": "admin_password"
              }
            ]
          ],
          "private": "eyJlMmJmYjczMC1lY2FhLTExZTYtOGY4OC0zNDM2M2JjN2M0YzAiOnsiY3JlYXRlIjoyNzAwMDAwMDAwMDAwLCJkZWxldGUiOjI3MDAwMDAwMDAwMDAsInJlYWQiOjMwMDAwMDAwMDAwMCwidXBkYXRlIjoyNzAwMDAwMDAwMDAwfX0=",
          "dependencies": [
            "azurerm_network_interface.frontend_nic",
            "azurerm_public_ip.frontend_public_ip",
            "azurerm_resource_group.costco_logistics_fulfillment_rg",
            "azurerm_subnet.frontend_subnet",
            "azurerm_virtual_network.vnet"
          ]
        },
        {
          "index_key": 2,
          "schema_version": 0,
          "attributes": {
            "additional_capabilities": [],
            "admin_password": "YourSecurePassword123!",
            "admin_ssh_key": [],
            "admin_username": "azureuser",
            "allow_extension_operations": true,
            "availability_set_id": "",
            "boot_diagnostics": [],
            "bypass_platform_safety_checks_on_user_schedule_enabled": false,
            "capacity_reservation_group_id": "",
            "computer_name": "costco-logistics-fulfillment-frontend-vm-3",
            "custom_data": null,
            "dedicated_host_group_id": "",
            "dedicated_host_id": "",
            "disable_password_authentication": false,
            "disk_controller_type": "",
            "edge_zone": "",
            "encryption_at_host_enabled": false,
            "eviction_policy": "",
            "extensions_time_budget": "PT1H30M",
            "gallery_application": [],
            "id": "/subscriptions/27bc640c-c9a8-4e69-829d-a9814bec414f/resourceGroups/costco-logistics-fulfillment-resource-group/providers/Microsoft.Compute/virtualMachines/costco-logistics-fulfillment-frontend-vm-3",
            "identity": [],
            "license_type": "",
            "location": "eastus",
            "max_bid_price": -1,
            "name": "costco-logistics-fulfillment-frontend-vm-3",
            "network_interface_ids": [
              "/subscriptions/27bc640c-c9a8-4e69-829d-a9814bec414f/resourceGroups/costco-logistics-fulfillment-resource-group/providers/Microsoft.Network/networkInterfaces/costco-logistics-fulfillment-frontend-nic-3"
            ],
            "os_disk": [
              {
                "caching": "ReadWrite",
                "diff_disk_settings": [],
                "disk_encryption_set_id": "",
                "disk_size_gb": 30,
                "name": "costco-logistics-fulfillment-frontend-vm-disk1_386c78e658384bb6a546aec6d95a6e59",
                "secure_vm_disk_encryption_set_id": "",
                "security_encryption_type": "",
                "storage_account_type": "Standard_LRS",
                "write_accelerator_enabled": false
              }
            ],
            "os_image_notification": [],
            "patch_assessment_mode": "ImageDefault",
            "patch_mode": "ImageDefault",
            "plan": [],
            "platform_fault_domain": -1,
            "priority": "Regular",
            "private_ip_address": "10.0.2.6",
            "private_ip_addresses": [
              "10.0.2.6"
            ],
            "provision_vm_agent": true,
            "proximity_placement_group_id": "",
            "public_ip_address": "172.172.209.87",
            "public_ip_addresses": [
              "172.172.209.87"
            ],
            "reboot_setting": "",
            "resource_group_name": "costco-logistics-fulfillment-resource-group",
            "secret": [],
            "secure_boot_enabled": false,
            "size": "Standard_B1s",
            "source_image_id": "",
            "source_image_reference": [
              {
                "offer": "UbuntuServer",
                "publisher": "Canonical",
                "sku": "18.04-LTS",
                "version": "latest"
              }
            ],
            "tags": {},
            "termination_notification": [],
            "timeouts": null,
            "user_data": "",
            "virtual_machine_id": "8ecf5238-edd5-4356-90ec-a0de60064463",
            "virtual_machine_scale_set_id": "",
            "vm_agent_platform_updates_enabled": false,
            "vtpm_enabled": false,
            "zone": ""
          },
          "sensitive_attributes": [
            [
              {
                "type": "get_attr",
                "value": "custom_data"
              }
            ],
            [
              {
                "type": "get_attr",
                "value": "admin_password"
              }
            ]
          ],
          "private": "eyJlMmJmYjczMC1lY2FhLTExZTYtOGY4OC0zNDM2M2JjN2M0YzAiOnsiY3JlYXRlIjoyNzAwMDAwMDAwMDAwLCJkZWxldGUiOjI3MDAwMDAwMDAwMDAsInJlYWQiOjMwMDAwMDAwMDAwMCwidXBkYXRlIjoyNzAwMDAwMDAwMDAwfX0=",
          "dependencies": [
            "azurerm_network_interface.frontend_nic",
            "azurerm_public_ip.frontend_public_ip",
            "azurerm_resource_group.costco_logistics_fulfillment_rg",
            "azurerm_subnet.frontend_subnet",
            "azurerm_virtual_network.vnet"
          ]
        }
      ]
    },
    {
      "mode": "managed",
      "type": "azurerm_linux_virtual_machine",
      "name": "loadbalancer_vm",
      "provider": "provider[\"registry.terraform.io/hashicorp/azurerm\"]",
      "instances": [
        {
          "schema_version": 0,
          "attributes": {
            "additional_capabilities": [],
            "admin_password": "YourSecurePassword123!",
            "admin_ssh_key": [],
            "admin_username": "azureuser",
            "allow_extension_operations": true,
            "availability_set_id": "",
            "boot_diagnostics": [],
            "bypass_platform_safety_checks_on_user_schedule_enabled": false,
            "capacity_reservation_group_id": "",
            "computer_name": "costco-logistics-fulfillment-lb-vm",
            "custom_data": null,
            "dedicated_host_group_id": "",
            "dedicated_host_id": "",
            "disable_password_authentication": false,
            "disk_controller_type": "",
            "edge_zone": "",
            "encryption_at_host_enabled": false,
            "eviction_policy": "",
            "extensions_time_budget": "PT1H30M",
            "gallery_application": [],
            "id": "/subscriptions/27bc640c-c9a8-4e69-829d-a9814bec414f/resourceGroups/costco-logistics-fulfillment-resource-group/providers/Microsoft.Compute/virtualMachines/costco-logistics-fulfillment-lb-vm",
            "identity": [],
            "license_type": "",
            "location": "eastus",
            "max_bid_price": -1,
            "name": "costco-logistics-fulfillment-lb-vm",
            "network_interface_ids": [
              "/subscriptions/27bc640c-c9a8-4e69-829d-a9814bec414f/resourceGroups/costco-logistics-fulfillment-resource-group/providers/Microsoft.Network/networkInterfaces/costco-logistics-fulfillment-lb-nic"
            ],
            "os_disk": [
              {
                "caching": "ReadWrite",
                "diff_disk_settings": [],
                "disk_encryption_set_id": "",
                "disk_size_gb": 30,
                "name": "costco-logistics-fulfillment-lb-vm_disk1_9603f5baf654427797158d77f3ef966b",
                "secure_vm_disk_encryption_set_id": "",
                "security_encryption_type": "",
                "storage_account_type": "Standard_LRS",
                "write_accelerator_enabled": false
              }
            ],
            "os_image_notification": [],
            "patch_assessment_mode": "ImageDefault",
            "patch_mode": "ImageDefault",
            "plan": [],
            "platform_fault_domain": -1,
            "priority": "Regular",
            "private_ip_address": "10.0.1.4",
            "private_ip_addresses": [
              "10.0.1.4"
            ],
            "provision_vm_agent": true,
            "proximity_placement_group_id": "",
            "public_ip_address": "40.121.182.122",
            "public_ip_addresses": [
              "40.121.182.122"
            ],
            "reboot_setting": "",
            "resource_group_name": "costco-logistics-fulfillment-resource-group",
            "secret": [],
            "secure_boot_enabled": false,
            "size": "Standard_B1s",
            "source_image_id": "",
            "source_image_reference": [
              {
                "offer": "UbuntuServer",
                "publisher": "Canonical",
                "sku": "18.04-LTS",
                "version": "latest"
              }
            ],
            "tags": {},
            "termination_notification": [],
            "timeouts": null,
            "user_data": "",
            "virtual_machine_id": "2090bfb9-ca26-4e77-8cee-97d797cd1388",
            "virtual_machine_scale_set_id": "",
            "vm_agent_platform_updates_enabled": false,
            "vtpm_enabled": false,
            "zone": ""
          },
          "sensitive_attributes": [
            [
              {
                "type": "get_attr",
                "value": "custom_data"
              }
            ],
            [
              {
                "type": "get_attr",
                "value": "admin_password"
              }
            ]
          ],
          "private": "eyJlMmJmYjczMC1lY2FhLTExZTYtOGY4OC0zNDM2M2JjN2M0YzAiOnsiY3JlYXRlIjoyNzAwMDAwMDAwMDAwLCJkZWxldGUiOjI3MDAwMDAwMDAwMDAsInJlYWQiOjMwMDAwMDAwMDAwMCwidXBkYXRlIjoyNzAwMDAwMDAwMDAwfX0=",
          "dependencies": [
            "azurerm_network_interface.loadbalancer_nic",
            "azurerm_public_ip.loadbalancer_public_ip",
            "azurerm_resource_group.costco_logistics_fulfillment_rg",
            "azurerm_subnet.public_subnet",
            "azurerm_virtual_network.vnet"
          ]
        }
      ]
    },
    {
      "mode": "managed",
      "type": "azurerm_network_interface",
      "name": "database_nic",
      "provider": "provider[\"registry.terraform.io/hashicorp/azurerm\"]",
      "instances": [
        {
          "schema_version": 0,
          "attributes": {
            "accelerated_networking_enabled": false,
            "applied_dns_servers": [],
            "auxiliary_mode": "",
            "auxiliary_sku": "",
            "dns_servers": [],
            "edge_zone": "",
            "id": "/subscriptions/27bc640c-c9a8-4e69-829d-a9814bec414f/resourceGroups/costco-logistics-fulfillment-resource-group/providers/Microsoft.Network/networkInterfaces/costco-logistics-fulfillment-db-nic",
            "internal_dns_name_label": "",
            "internal_domain_name_suffix": "emmq2dl0o5ru1amy3ejgi34cga.bx.internal.cloudapp.net",
            "ip_configuration": [
              {
                "gateway_load_balancer_frontend_ip_configuration_id": "",
                "name": "internal",
                "primary": true,
                "private_ip_address": "10.0.3.4",
                "private_ip_address_allocation": "Dynamic",
                "private_ip_address_version": "IPv4",
                "public_ip_address_id": "/subscriptions/27bc640c-c9a8-4e69-829d-a9814bec414f/resourceGroups/costco-logistics-fulfillment-resource-group/providers/Microsoft.Network/publicIPAddresses/costco-logistics-fulfillment-db-public-ip",
                "subnet_id": "/subscriptions/27bc640c-c9a8-4e69-829d-a9814bec414f/resourceGroups/costco-logistics-fulfillment-resource-group/providers/Microsoft.Network/virtualNetworks/costco-logistics-fulfillment-vnet/subnets/costco-logistics-fulfillment-database-subnet"
              }
            ],
            "ip_forwarding_enabled": false,
            "location": "eastus",
            "mac_address": "00-22-48-26-33-7D",
            "name": "costco-logistics-fulfillment-db-nic",
            "private_ip_address": "10.0.3.4",
            "private_ip_addresses": [
              "10.0.3.4"
            ],
            "resource_group_name": "costco-logistics-fulfillment-resource-group",
            "tags": {},
            "timeouts": null,
            "virtual_machine_id": "/subscriptions/27bc640c-c9a8-4e69-829d-a9814bec414f/resourceGroups/costco-logistics-fulfillment-resource-group/providers/Microsoft.Compute/virtualMachines/costco-logistics-fulfillment-db-vm"
          },
          "sensitive_attributes": [],
          "private": "eyJlMmJmYjczMC1lY2FhLTExZTYtOGY4OC0zNDM2M2JjN2M0YzAiOnsiY3JlYXRlIjoxODAwMDAwMDAwMDAwLCJkZWxldGUiOjE4MDAwMDAwMDAwMDAsInJlYWQiOjMwMDAwMDAwMDAwMCwidXBkYXRlIjoxODAwMDAwMDAwMDAwfX0=",
          "dependencies": [
            "azurerm_public_ip.database_public_ip",
            "azurerm_resource_group.costco_logistics_fulfillment_rg",
            "azurerm_subnet.database_subnet",
            "azurerm_virtual_network.vnet"
          ]
        }
      ]
    },
    {
      "mode": "managed",
      "type": "azurerm_network_interface",
      "name": "frontend_nic",
      "provider": "provider[\"registry.terraform.io/hashicorp/azurerm\"]",
      "instances": [
        {
          "index_key": 0,
          "schema_version": 0,
          "attributes": {
            "accelerated_networking_enabled": false,
            "applied_dns_servers": [],
            "auxiliary_mode": "",
            "auxiliary_sku": "",
            "dns_servers": [],
            "edge_zone": "",
            "id": "/subscriptions/27bc640c-c9a8-4e69-829d-a9814bec414f/resourceGroups/costco-logistics-fulfillment-resource-group/providers/Microsoft.Network/networkInterfaces/costco-logistics-fulfillment-frontend-nic-1",
            "internal_dns_name_label": "",
            "internal_domain_name_suffix": "emmq2dl0o5ru1amy3ejgi34cga.bx.internal.cloudapp.net",
            "ip_configuration": [
              {
                "gateway_load_balancer_frontend_ip_configuration_id": "",
                "name": "internal",
                "primary": true,
                "private_ip_address": "10.0.2.5",
                "private_ip_address_allocation": "Dynamic",
                "private_ip_address_version": "IPv4",
                "public_ip_address_id": "/subscriptions/27bc640c-c9a8-4e69-829d-a9814bec414f/resourceGroups/costco-logistics-fulfillment-resource-group/providers/Microsoft.Network/publicIPAddresses/costco-logistics-fulfillment-frontend-public-ip-1",
                "subnet_id": "/subscriptions/27bc640c-c9a8-4e69-829d-a9814bec414f/resourceGroups/costco-logistics-fulfillment-resource-group/providers/Microsoft.Network/virtualNetworks/costco-logistics-fulfillment-vnet/subnets/costco-logistics-fulfillment-frontend-subnet"
              }
            ],
            "ip_forwarding_enabled": false,
            "location": "eastus",
            "mac_address": "00-22-48-27-FD-FB",
            "name": "costco-logistics-fulfillment-frontend-nic-1",
            "private_ip_address": "10.0.2.5",
            "private_ip_addresses": [
              "10.0.2.5"
            ],
            "resource_group_name": "costco-logistics-fulfillment-resource-group",
            "tags": {},
            "timeouts": null,
            "virtual_machine_id": "/subscriptions/27bc640c-c9a8-4e69-829d-a9814bec414f/resourceGroups/costco-logistics-fulfillment-resource-group/providers/Microsoft.Compute/virtualMachines/costco-logistics-fulfillment-frontend-vm-1"
          },
          "sensitive_attributes": [],
          "private": "eyJlMmJmYjczMC1lY2FhLTExZTYtOGY4OC0zNDM2M2JjN2M0YzAiOnsiY3JlYXRlIjoxODAwMDAwMDAwMDAwLCJkZWxldGUiOjE4MDAwMDAwMDAwMDAsInJlYWQiOjMwMDAwMDAwMDAwMCwidXBkYXRlIjoxODAwMDAwMDAwMDAwfX0=",
          "dependencies": [
            "azurerm_public_ip.frontend_public_ip",
            "azurerm_resource_group.costco_logistics_fulfillment_rg",
            "azurerm_subnet.frontend_subnet",
            "azurerm_virtual_network.vnet"
          ]
        },
        {
          "index_key": 1,
          "schema_version": 0,
          "attributes": {
            "accelerated_networking_enabled": false,
            "applied_dns_servers": [],
            "auxiliary_mode": "",
            "auxiliary_sku": "",
            "dns_servers": [],
            "edge_zone": "",
            "id": "/subscriptions/27bc640c-c9a8-4e69-829d-a9814bec414f/resourceGroups/costco-logistics-fulfillment-resource-group/providers/Microsoft.Network/networkInterfaces/costco-logistics-fulfillment-frontend-nic-2",
            "internal_dns_name_label": "",
            "internal_domain_name_suffix": "emmq2dl0o5ru1amy3ejgi34cga.bx.internal.cloudapp.net",
            "ip_configuration": [
              {
                "gateway_load_balancer_frontend_ip_configuration_id": "",
                "name": "internal",
                "primary": true,
                "private_ip_address": "10.0.2.4",
                "private_ip_address_allocation": "Dynamic",
                "private_ip_address_version": "IPv4",
                "public_ip_address_id": "/subscriptions/27bc640c-c9a8-4e69-829d-a9814bec414f/resourceGroups/costco-logistics-fulfillment-resource-group/providers/Microsoft.Network/publicIPAddresses/costco-logistics-fulfillment-frontend-public-ip-2",
                "subnet_id": "/subscriptions/27bc640c-c9a8-4e69-829d-a9814bec414f/resourceGroups/costco-logistics-fulfillment-resource-group/providers/Microsoft.Network/virtualNetworks/costco-logistics-fulfillment-vnet/subnets/costco-logistics-fulfillment-frontend-subnet"
              }
            ],
            "ip_forwarding_enabled": false,
            "location": "eastus",
            "mac_address": "60-45-BD-FE-5C-ED",
            "name": "costco-logistics-fulfillment-frontend-nic-2",
            "private_ip_address": "10.0.2.4",
            "private_ip_addresses": [
              "10.0.2.4"
            ],
            "resource_group_name": "costco-logistics-fulfillment-resource-group",
            "tags": {},
            "timeouts": null,
            "virtual_machine_id": "/subscriptions/27bc640c-c9a8-4e69-829d-a9814bec414f/resourceGroups/costco-logistics-fulfillment-resource-group/providers/Microsoft.Compute/virtualMachines/costco-logistics-fulfillment-frontend-vm-2"
          },
          "sensitive_attributes": [],
          "private": "eyJlMmJmYjczMC1lY2FhLTExZTYtOGY4OC0zNDM2M2JjN2M0YzAiOnsiY3JlYXRlIjoxODAwMDAwMDAwMDAwLCJkZWxldGUiOjE4MDAwMDAwMDAwMDAsInJlYWQiOjMwMDAwMDAwMDAwMCwidXBkYXRlIjoxODAwMDAwMDAwMDAwfX0=",
          "dependencies": [
            "azurerm_public_ip.frontend_public_ip",
            "azurerm_resource_group.costco_logistics_fulfillment_rg",
            "azurerm_subnet.frontend_subnet",
            "azurerm_virtual_network.vnet"
          ]
        },
        {
          "index_key": 2,
          "schema_version": 0,
          "attributes": {
            "accelerated_networking_enabled": false,
            "applied_dns_servers": [],
            "auxiliary_mode": "",
            "auxiliary_sku": "",
            "dns_servers": [],
            "edge_zone": "",
            "id": "/subscriptions/27bc640c-c9a8-4e69-829d-a9814bec414f/resourceGroups/costco-logistics-fulfillment-resource-group/providers/Microsoft.Network/networkInterfaces/costco-logistics-fulfillment-frontend-nic-3",
            "internal_dns_name_label": "",
            "internal_domain_name_suffix": "emmq2dl0o5ru1amy3ejgi34cga.bx.internal.cloudapp.net",
            "ip_configuration": [
              {
                "gateway_load_balancer_frontend_ip_configuration_id": "",
                "name": "internal",
                "primary": true,
                "private_ip_address": "10.0.2.6",
                "private_ip_address_allocation": "Dynamic",
                "private_ip_address_version": "IPv4",
                "public_ip_address_id": "/subscriptions/27bc640c-c9a8-4e69-829d-a9814bec414f/resourceGroups/costco-logistics-fulfillment-resource-group/providers/Microsoft.Network/publicIPAddresses/costco-logistics-fulfillment-frontend-public-ip-3",
                "subnet_id": "/subscriptions/27bc640c-c9a8-4e69-829d-a9814bec414f/resourceGroups/costco-logistics-fulfillment-resource-group/providers/Microsoft.Network/virtualNetworks/costco-logistics-fulfillment-vnet/subnets/costco-logistics-fulfillment-frontend-subnet"
              }
            ],
            "ip_forwarding_enabled": false,
            "location": "eastus",
            "mac_address": "00-0D-3A-12-82-74",
            "name": "costco-logistics-fulfillment-frontend-nic-3",
            "private_ip_address": "10.0.2.6",
            "private_ip_addresses": [
              "10.0.2.6"
            ],
            "resource_group_name": "costco-logistics-fulfillment-resource-group",
            "tags": {},
            "timeouts": null,
            "virtual_machine_id": "/subscriptions/27bc640c-c9a8-4e69-829d-a9814bec414f/resourceGroups/costco-logistics-fulfillment-resource-group/providers/Microsoft.Compute/virtualMachines/costco-logistics-fulfillment-frontend-vm-3"
          },
          "sensitive_attributes": [],
          "private": "eyJlMmJmYjczMC1lY2FhLTExZTYtOGY4OC0zNDM2M2JjN2M0YzAiOnsiY3JlYXRlIjoxODAwMDAwMDAwMDAwLCJkZWxldGUiOjE4MDAwMDAwMDAwMDAsInJlYWQiOjMwMDAwMDAwMDAwMCwidXBkYXRlIjoxODAwMDAwMDAwMDAwfX0=",
          "dependencies": [
            "azurerm_public_ip.frontend_public_ip",
            "azurerm_resource_group.costco_logistics_fulfillment_rg",
            "azurerm_subnet.frontend_subnet",
            "azurerm_virtual_network.vnet"
          ]
        }
      ]
    },
    {
      "mode": "managed",
      "type": "azurerm_network_interface",
      "name": "loadbalancer_nic",
      "provider": "provider[\"registry.terraform.io/hashicorp/azurerm\"]",
      "instances": [
        {
          "schema_version": 0,
          "attributes": {
            "accelerated_networking_enabled": false,
            "applied_dns_servers": [],
            "auxiliary_mode": "",
            "auxiliary_sku": "",
            "dns_servers": [],
            "edge_zone": "",
            "id": "/subscriptions/27bc640c-c9a8-4e69-829d-a9814bec414f/resourceGroups/costco-logistics-fulfillment-resource-group/providers/Microsoft.Network/networkInterfaces/costco-logistics-fulfillment-lb-nic",
            "internal_dns_name_label": "",
            "internal_domain_name_suffix": "emmq2dl0o5ru1amy3ejgi34cga.bx.internal.cloudapp.net",
            "ip_configuration": [
              {
                "gateway_load_balancer_frontend_ip_configuration_id": "",
                "name": "internal",
                "primary": true,
                "private_ip_address": "10.0.1.4",
                "private_ip_address_allocation": "Dynamic",
                "private_ip_address_version": "IPv4",
                "public_ip_address_id": "/subscriptions/27bc640c-c9a8-4e69-829d-a9814bec414f/resourceGroups/costco-logistics-fulfillment-resource-group/providers/Microsoft.Network/publicIPAddresses/costco-logistics-fulfillment-lb-public-ip",
                "subnet_id": "/subscriptions/27bc640c-c9a8-4e69-829d-a9814bec414f/resourceGroups/costco-logistics-fulfillment-resource-group/providers/Microsoft.Network/virtualNetworks/costco-logistics-fulfillment-vnet/subnets/costco-logistics-fulfillment-public-subnet"
              }
            ],
            "ip_forwarding_enabled": false,
            "location": "eastus",
            "mac_address": "7C-1E-52-0B-62-5B",
            "name": "costco-logistics-fulfillment-lb-nic",
            "private_ip_address": "10.0.1.4",
            "private_ip_addresses": [
              "10.0.1.4"
            ],
            "resource_group_name": "costco-logistics-fulfillment-resource-group",
            "tags": {},
            "timeouts": null,
            "virtual_machine_id": "/subscriptions/27bc640c-c9a8-4e69-829d-a9814bec414f/resourceGroups/costco-logistics-fulfillment-resource-group/providers/Microsoft.Compute/virtualMachines/costco-logistics-fulfillment-lb-vm"
          },
          "sensitive_attributes": [],
          "private": "eyJlMmJmYjczMC1lY2FhLTExZTYtOGY4OC0zNDM2M2JjN2M0YzAiOnsiY3JlYXRlIjoxODAwMDAwMDAwMDAwLCJkZWxldGUiOjE4MDAwMDAwMDAwMDAsInJlYWQiOjMwMDAwMDAwMDAwMCwidXBkYXRlIjoxODAwMDAwMDAwMDAwfX0=",
          "dependencies": [
            "azurerm_public_ip.loadbalancer_public_ip",
            "azurerm_resource_group.costco_logistics_fulfillment_rg",
            "azurerm_subnet.public_subnet",
            "azurerm_virtual_network.vnet"
          ]
        }
      ]
    },
    {
      "mode": "managed",
      "type": "azurerm_network_security_group",
      "name": "database_nsg",
      "provider": "provider[\"registry.terraform.io/hashicorp/azurerm\"]",
      "instances": [
        {
          "schema_version": 0,
          "attributes": {
            "id": "/subscriptions/27bc640c-c9a8-4e69-829d-a9814bec414f/resourceGroups/costco-logistics-fulfillment-resource-group/providers/Microsoft.Network/networkSecurityGroups/costco-logistics-fulfillment-database-nsg",
            "location": "eastus",
            "name": "costco-logistics-fulfillment-database-nsg",
            "resource_group_name": "costco-logistics-fulfillment-resource-group",
            "security_rule": [
              {
                "access": "Allow",
                "description": "",
                "destination_address_prefix": "*",
                "destination_address_prefixes": [],
                "destination_application_security_group_ids": [],
                "destination_port_range": "22",
                "destination_port_ranges": [],
                "direction": "Inbound",
                "name": "AllowSSHForAnsible",
                "priority": 1002,
                "protocol": "Tcp",
                "source_address_prefix": "*",
                "source_address_prefixes": [],
                "source_application_security_group_ids": [],
                "source_port_range": "*",
                "source_port_ranges": []
              },
              {
                "access": "Allow",
                "description": null,
                "destination_address_prefix": "*",
                "destination_address_prefixes": [],
                "destination_application_security_group_ids": [],
                "destination_port_range": "3306",
                "destination_port_ranges": [],
                "direction": "Inbound",
                "name": "AllowFrontend",
                "priority": 1001,
                "protocol": "Tcp",
                "source_address_prefix": "10.0.2.0/24",
                "source_address_prefixes": [],
                "source_application_security_group_ids": [],
                "source_port_range": "*",
                "source_port_ranges": []
              }
            ],
            "tags": {},
            "timeouts": null
          },
          "sensitive_attributes": [],
          "private": "eyJlMmJmYjczMC1lY2FhLTExZTYtOGY4OC0zNDM2M2JjN2M0YzAiOnsiY3JlYXRlIjoxODAwMDAwMDAwMDAwLCJkZWxldGUiOjE4MDAwMDAwMDAwMDAsInJlYWQiOjMwMDAwMDAwMDAwMCwidXBkYXRlIjoxODAwMDAwMDAwMDAwfX0=",
          "dependencies": [
            "azurerm_resource_group.costco_logistics_fulfillment_rg"
          ]
        }
      ]
    },
    {
      "mode": "managed",
      "type": "azurerm_network_security_group",
      "name": "frontend_nsg",
      "provider": "provider[\"registry.terraform.io/hashicorp/azurerm\"]",
      "instances": [
        {
          "schema_version": 0,
          "attributes": {
            "id": "/subscriptions/27bc640c-c9a8-4e69-829d-a9814bec414f/resourceGroups/costco-logistics-fulfillment-resource-group/providers/Microsoft.Network/networkSecurityGroups/costco-logistics-fulfillment-frontend-nsg",
            "location": "eastus",
            "name": "costco-logistics-fulfillment-frontend-nsg",
            "resource_group_name": "costco-logistics-fulfillment-resource-group",
            "security_rule": [
              {
                "access": "Allow",
                "description": "",
                "destination_address_prefix": "*",
                "destination_address_prefixes": [],
                "destination_application_security_group_ids": [],
                "destination_port_range": "22",
                "destination_port_ranges": [],
                "direction": "Inbound",
                "name": "AllowSSHForAnsible",
                "priority": 1002,
                "protocol": "Tcp",
                "source_address_prefix": "*",
                "source_address_prefixes": [],
                "source_application_security_group_ids": [],
                "source_port_range": "*",
                "source_port_ranges": []
              },
              {
                "access": "Allow",
                "description": null,
                "destination_address_prefix": "*",
                "destination_address_prefixes": [],
                "destination_application_security_group_ids": [],
                "destination_port_range": "80",
                "destination_port_ranges": [],
                "direction": "Inbound",
                "name": "AllowLoadBalancer",
                "priority": 1001,
                "protocol": "Tcp",
                "source_address_prefix": "10.0.1.0/24",
                "source_address_prefixes": [],
                "source_application_security_group_ids": [],
                "source_port_range": "*",
                "source_port_ranges": []
              }
            ],
            "tags": {},
            "timeouts": null
          },
          "sensitive_attributes": [],
          "private": "eyJlMmJmYjczMC1lY2FhLTExZTYtOGY4OC0zNDM2M2JjN2M0YzAiOnsiY3JlYXRlIjoxODAwMDAwMDAwMDAwLCJkZWxldGUiOjE4MDAwMDAwMDAwMDAsInJlYWQiOjMwMDAwMDAwMDAwMCwidXBkYXRlIjoxODAwMDAwMDAwMDAwfX0=",
          "dependencies": [
            "azurerm_resource_group.costco_logistics_fulfillment_rg"
          ]
        }
      ]
    },
    {
      "mode": "managed",
      "type": "azurerm_network_security_group",
      "name": "public_nsg",
      "provider": "provider[\"registry.terraform.io/hashicorp/azurerm\"]",
      "instances": [
        {
          "schema_version": 0,
          "attributes": {
            "id": "/subscriptions/27bc640c-c9a8-4e69-829d-a9814bec414f/resourceGroups/costco-logistics-fulfillment-resource-group/providers/Microsoft.Network/networkSecurityGroups/costco-logistics-fulfillment-public-nsg",
            "location": "eastus",
            "name": "costco-logistics-fulfillment-public-nsg",
            "resource_group_name": "costco-logistics-fulfillment-resource-group",
            "security_rule": [
              {
                "access": "Allow",
                "description": "",
                "destination_address_prefix": "*",
                "destination_address_prefixes": [],
                "destination_application_security_group_ids": [],
                "destination_port_range": "22",
                "destination_port_ranges": [],
                "direction": "Inbound",
                "name": "AllowSSHForAnsible",
                "priority": 1002,
                "protocol": "Tcp",
                "source_address_prefix": "*",
                "source_address_prefixes": [],
                "source_application_security_group_ids": [],
                "source_port_range": "*",
                "source_port_ranges": []
              },
              {
                "access": "Allow",
                "description": null,
                "destination_address_prefix": "*",
                "destination_address_prefixes": [],
                "destination_application_security_group_ids": [],
                "destination_port_range": "80",
                "destination_port_ranges": [],
                "direction": "Inbound",
                "name": "AllowHTTP",
                "priority": 1001,
                "protocol": "Tcp",
                "source_address_prefix": "*",
                "source_address_prefixes": [],
                "source_application_security_group_ids": [],
                "source_port_range": "*",
                "source_port_ranges": []
              }
            ],
            "tags": {},
            "timeouts": null
          },
          "sensitive_attributes": [],
          "private": "eyJlMmJmYjczMC1lY2FhLTExZTYtOGY4OC0zNDM2M2JjN2M0YzAiOnsiY3JlYXRlIjoxODAwMDAwMDAwMDAwLCJkZWxldGUiOjE4MDAwMDAwMDAwMDAsInJlYWQiOjMwMDAwMDAwMDAwMCwidXBkYXRlIjoxODAwMDAwMDAwMDAwfX0=",
          "dependencies": [
            "azurerm_resource_group.costco_logistics_fulfillment_rg"
          ]
        }
      ]
    },
    {
      "mode": "managed",
      "type": "azurerm_public_ip",
      "name": "database_public_ip",
      "provider": "provider[\"registry.terraform.io/hashicorp/azurerm\"]",
      "instances": [
        {
          "schema_version": 0,
          "attributes": {
            "allocation_method": "Static",
            "ddos_protection_mode": "VirtualNetworkInherited",
            "ddos_protection_plan_id": null,
            "domain_name_label": null,
            "edge_zone": "",
            "fqdn": null,
            "id": "/subscriptions/27bc640c-c9a8-4e69-829d-a9814bec414f/resourceGroups/costco-logistics-fulfillment-resource-group/providers/Microsoft.Network/publicIPAddresses/costco-logistics-fulfillment-db-public-ip",
            "idle_timeout_in_minutes": 4,
            "ip_address": "172.191.104.100",
            "ip_tags": {},
            "ip_version": "IPv4",
            "location": "eastus",
            "name": "costco-logistics-fulfillment-db-public-ip",
            "public_ip_prefix_id": null,
            "resource_group_name": "costco-logistics-fulfillment-resource-group",
            "reverse_fqdn": null,
            "sku": "Standard",
            "sku_tier": "Regional",
            "tags": {},
            "timeouts": null,
            "zones": []
          },
          "sensitive_attributes": [],
          "private": "eyJlMmJmYjczMC1lY2FhLTExZTYtOGY4OC0zNDM2M2JjN2M0YzAiOnsiY3JlYXRlIjoxODAwMDAwMDAwMDAwLCJkZWxldGUiOjE4MDAwMDAwMDAwMDAsInJlYWQiOjMwMDAwMDAwMDAwMCwidXBkYXRlIjoxODAwMDAwMDAwMDAwfX0=",
          "dependencies": [
            "azurerm_resource_group.costco_logistics_fulfillment_rg"
          ]
        }
      ]
    },
    {
      "mode": "managed",
      "type": "azurerm_public_ip",
      "name": "frontend_public_ip",
      "provider": "provider[\"registry.terraform.io/hashicorp/azurerm\"]",
      "instances": [
        {
          "index_key": 0,
          "schema_version": 0,
          "attributes": {
            "allocation_method": "Static",
            "ddos_protection_mode": "VirtualNetworkInherited",
            "ddos_protection_plan_id": null,
            "domain_name_label": null,
            "edge_zone": "",
            "fqdn": null,
            "id": "/subscriptions/27bc640c-c9a8-4e69-829d-a9814bec414f/resourceGroups/costco-logistics-fulfillment-resource-group/providers/Microsoft.Network/publicIPAddresses/costco-logistics-fulfillment-frontend-public-ip-1",
            "idle_timeout_in_minutes": 4,
            "ip_address": "172.172.210.141",
            "ip_tags": {},
            "ip_version": "IPv4",
            "location": "eastus",
            "name": "costco-logistics-fulfillment-frontend-public-ip-1",
            "public_ip_prefix_id": null,
            "resource_group_name": "costco-logistics-fulfillment-resource-group",
            "reverse_fqdn": null,
            "sku": "Standard",
            "sku_tier": "Regional",
            "tags": {},
            "timeouts": null,
            "zones": []
          },
          "sensitive_attributes": [],
          "private": "eyJlMmJmYjczMC1lY2FhLTExZTYtOGY4OC0zNDM2M2JjN2M0YzAiOnsiY3JlYXRlIjoxODAwMDAwMDAwMDAwLCJkZWxldGUiOjE4MDAwMDAwMDAwMDAsInJlYWQiOjMwMDAwMDAwMDAwMCwidXBkYXRlIjoxODAwMDAwMDAwMDAwfX0=",
          "dependencies": [
            "azurerm_resource_group.costco_logistics_fulfillment_rg"
          ]
        },
        {
          "index_key": 1,
          "schema_version": 0,
          "attributes": {
            "allocation_method": "Static",
            "ddos_protection_mode": "VirtualNetworkInherited",
            "ddos_protection_plan_id": null,
            "domain_name_label": null,
            "edge_zone": "",
            "fqdn": null,
            "id": "/subscriptions/27bc640c-c9a8-4e69-829d-a9814bec414f/resourceGroups/costco-logistics-fulfillment-resource-group/providers/Microsoft.Network/publicIPAddresses/costco-logistics-fulfillment-frontend-public-ip-2",
            "idle_timeout_in_minutes": 4,
            "ip_address": "172.190.163.232",
            "ip_tags": {},
            "ip_version": "IPv4",
            "location": "eastus",
            "name": "costco-logistics-fulfillment-frontend-public-ip-2",
            "public_ip_prefix_id": null,
            "resource_group_name": "costco-logistics-fulfillment-resource-group",
            "reverse_fqdn": null,
            "sku": "Standard",
            "sku_tier": "Regional",
            "tags": {},
            "timeouts": null,
            "zones": []
          },
          "sensitive_attributes": [],
          "private": "eyJlMmJmYjczMC1lY2FhLTExZTYtOGY4OC0zNDM2M2JjN2M0YzAiOnsiY3JlYXRlIjoxODAwMDAwMDAwMDAwLCJkZWxldGUiOjE4MDAwMDAwMDAwMDAsInJlYWQiOjMwMDAwMDAwMDAwMCwidXBkYXRlIjoxODAwMDAwMDAwMDAwfX0=",
          "dependencies": [
            "azurerm_resource_group.costco_logistics_fulfillment_rg"
          ]
        },
        {
          "index_key": 2,
          "schema_version": 0,
          "attributes": {
            "allocation_method": "Static",
            "ddos_protection_mode": "VirtualNetworkInherited",
            "ddos_protection_plan_id": null,
            "domain_name_label": null,
            "edge_zone": "",
            "fqdn": null,
            "id": "/subscriptions/27bc640c-c9a8-4e69-829d-a9814bec414f/resourceGroups/costco-logistics-fulfillment-resource-group/providers/Microsoft.Network/publicIPAddresses/costco-logistics-fulfillment-frontend-public-ip-3",
            "idle_timeout_in_minutes": 4,
            "ip_address": "172.172.209.87",
            "ip_tags": {},
            "ip_version": "IPv4",
            "location": "eastus",
            "name": "costco-logistics-fulfillment-frontend-public-ip-3",
            "public_ip_prefix_id": null,
            "resource_group_name": "costco-logistics-fulfillment-resource-group",
            "reverse_fqdn": null,
            "sku": "Standard",
            "sku_tier": "Regional",
            "tags": {},
            "timeouts": null,
            "zones": []
          },
          "sensitive_attributes": [],
          "private": "eyJlMmJmYjczMC1lY2FhLTExZTYtOGY4OC0zNDM2M2JjN2M0YzAiOnsiY3JlYXRlIjoxODAwMDAwMDAwMDAwLCJkZWxldGUiOjE4MDAwMDAwMDAwMDAsInJlYWQiOjMwMDAwMDAwMDAwMCwidXBkYXRlIjoxODAwMDAwMDAwMDAwfX0=",
          "dependencies": [
            "azurerm_resource_group.costco_logistics_fulfillment_rg"
          ]
        }
      ]
    },
    {
      "mode": "managed",
      "type": "azurerm_public_ip",
      "name": "loadbalancer_public_ip",
      "provider": "provider[\"registry.terraform.io/hashicorp/azurerm\"]",
      "instances": [
        {
          "schema_version": 0,
          "attributes": {
            "allocation_method": "Static",
            "ddos_protection_mode": "VirtualNetworkInherited",
            "ddos_protection_plan_id": null,
            "domain_name_label": null,
            "edge_zone": "",
            "fqdn": null,
            "id": "/subscriptions/27bc640c-c9a8-4e69-829d-a9814bec414f/resourceGroups/costco-logistics-fulfillment-resource-group/providers/Microsoft.Network/publicIPAddresses/costco-logistics-fulfillment-lb-public-ip",
            "idle_timeout_in_minutes": 4,
            "ip_address": "40.121.182.122",
            "ip_tags": {},
            "ip_version": "IPv4",
            "location": "eastus",
            "name": "costco-logistics-fulfillment-lb-public-ip",
            "public_ip_prefix_id": null,
            "resource_group_name": "costco-logistics-fulfillment-resource-group",
            "reverse_fqdn": null,
            "sku": "Standard",
            "sku_tier": "Regional",
            "tags": {},
            "timeouts": null,
            "zones": []
          },
          "sensitive_attributes": [],
          "private": "eyJlMmJmYjczMC1lY2FhLTExZTYtOGY4OC0zNDM2M2JjN2M0YzAiOnsiY3JlYXRlIjoxODAwMDAwMDAwMDAwLCJkZWxldGUiOjE4MDAwMDAwMDAwMDAsInJlYWQiOjMwMDAwMDAwMDAwMCwidXBkYXRlIjoxODAwMDAwMDAwMDAwfX0=",
          "dependencies": [
            "azurerm_resource_group.costco_logistics_fulfillment_rg"
          ]
        }
      ]
    },
    {
      "mode": "managed",
      "type": "azurerm_resource_group",
      "name": "costco_logistics_fulfillment_rg",
      "provider": "provider[\"registry.terraform.io/hashicorp/azurerm\"]",
      "instances": [
        {
          "schema_version": 0,
          "attributes": {
            "id": "/subscriptions/27bc640c-c9a8-4e69-829d-a9814bec414f/resourceGroups/costco-logistics-fulfillment-resource-group",
            "location": "eastus",
            "managed_by": "",
            "name": "costco-logistics-fulfillment-resource-group",
            "tags": {},
            "timeouts": null
          },
          "sensitive_attributes": [],
          "private": "eyJlMmJmYjczMC1lY2FhLTExZTYtOGY4OC0zNDM2M2JjN2M0YzAiOnsiY3JlYXRlIjo1NDAwMDAwMDAwMDAwLCJkZWxldGUiOjU0MDAwMDAwMDAwMDAsInJlYWQiOjMwMDAwMDAwMDAwMCwidXBkYXRlIjo1NDAwMDAwMDAwMDAwfX0="
        }
      ]
    },
    {
      "mode": "managed",
      "type": "azurerm_subnet",
      "name": "database_subnet",
      "provider": "provider[\"registry.terraform.io/hashicorp/azurerm\"]",
      "instances": [
        {
          "schema_version": 0,
          "attributes": {
            "address_prefixes": [
              "10.0.3.0/24"
            ],
            "default_outbound_access_enabled": true,
            "delegation": [],
            "id": "/subscriptions/27bc640c-c9a8-4e69-829d-a9814bec414f/resourceGroups/costco-logistics-fulfillment-resource-group/providers/Microsoft.Network/virtualNetworks/costco-logistics-fulfillment-vnet/subnets/costco-logistics-fulfillment-database-subnet",
            "name": "costco-logistics-fulfillment-database-subnet",
            "private_endpoint_network_policies": "Disabled",
            "private_link_service_network_policies_enabled": true,
            "resource_group_name": "costco-logistics-fulfillment-resource-group",
            "service_endpoint_policy_ids": [],
            "service_endpoints": [],
            "timeouts": null,
            "virtual_network_name": "costco-logistics-fulfillment-vnet"
          },
          "sensitive_attributes": [],
          "private": "eyJlMmJmYjczMC1lY2FhLTExZTYtOGY4OC0zNDM2M2JjN2M0YzAiOnsiY3JlYXRlIjoxODAwMDAwMDAwMDAwLCJkZWxldGUiOjE4MDAwMDAwMDAwMDAsInJlYWQiOjMwMDAwMDAwMDAwMCwidXBkYXRlIjoxODAwMDAwMDAwMDAwfX0=",
          "dependencies": [
            "azurerm_resource_group.costco_logistics_fulfillment_rg",
            "azurerm_virtual_network.vnet"
          ]
        }
      ]
    },
    {
      "mode": "managed",
      "type": "azurerm_subnet",
      "name": "frontend_subnet",
      "provider": "provider[\"registry.terraform.io/hashicorp/azurerm\"]",
      "instances": [
        {
          "schema_version": 0,
          "attributes": {
            "address_prefixes": [
              "10.0.2.0/24"
            ],
            "default_outbound_access_enabled": true,
            "delegation": [],
            "id": "/subscriptions/27bc640c-c9a8-4e69-829d-a9814bec414f/resourceGroups/costco-logistics-fulfillment-resource-group/providers/Microsoft.Network/virtualNetworks/costco-logistics-fulfillment-vnet/subnets/costco-logistics-fulfillment-frontend-subnet",
            "name": "costco-logistics-fulfillment-frontend-subnet",
            "private_endpoint_network_policies": "Disabled",
            "private_link_service_network_policies_enabled": true,
            "resource_group_name": "costco-logistics-fulfillment-resource-group",
            "service_endpoint_policy_ids": [],
            "service_endpoints": [],
            "timeouts": null,
            "virtual_network_name": "costco-logistics-fulfillment-vnet"
          },
          "sensitive_attributes": [],
          "private": "eyJlMmJmYjczMC1lY2FhLTExZTYtOGY4OC0zNDM2M2JjN2M0YzAiOnsiY3JlYXRlIjoxODAwMDAwMDAwMDAwLCJkZWxldGUiOjE4MDAwMDAwMDAwMDAsInJlYWQiOjMwMDAwMDAwMDAwMCwidXBkYXRlIjoxODAwMDAwMDAwMDAwfX0=",
          "dependencies": [
            "azurerm_resource_group.costco_logistics_fulfillment_rg",
            "azurerm_virtual_network.vnet"
          ]
        }
      ]
    },
    {
      "mode": "managed",
      "type": "azurerm_subnet",
      "name": "public_subnet",
      "provider": "provider[\"registry.terraform.io/hashicorp/azurerm\"]",
      "instances": [
        {
          "schema_version": 0,
          "attributes": {
            "address_prefixes": [
              "10.0.1.0/24"
            ],
            "default_outbound_access_enabled": true,
            "delegation": [],
            "id": "/subscriptions/27bc640c-c9a8-4e69-829d-a9814bec414f/resourceGroups/costco-logistics-fulfillment-resource-group/providers/Microsoft.Network/virtualNetworks/costco-logistics-fulfillment-vnet/subnets/costco-logistics-fulfillment-public-subnet",
            "name": "costco-logistics-fulfillment-public-subnet",
            "private_endpoint_network_policies": "Disabled",
            "private_link_service_network_policies_enabled": true,
            "resource_group_name": "costco-logistics-fulfillment-resource-group",
            "service_endpoint_policy_ids": [],
            "service_endpoints": [],
            "timeouts": null,
            "virtual_network_name": "costco-logistics-fulfillment-vnet"
          },
          "sensitive_attributes": [],
          "private": "eyJlMmJmYjczMC1lY2FhLTExZTYtOGY4OC0zNDM2M2JjN2M0YzAiOnsiY3JlYXRlIjoxODAwMDAwMDAwMDAwLCJkZWxldGUiOjE4MDAwMDAwMDAwMDAsInJlYWQiOjMwMDAwMDAwMDAwMCwidXBkYXRlIjoxODAwMDAwMDAwMDAwfX0=",
          "dependencies": [
            "azurerm_resource_group.costco_logistics_fulfillment_rg",
            "azurerm_virtual_network.vnet"
          ]
        }
      ]
    },
    {
      "mode": "managed",
      "type": "azurerm_subnet_network_security_group_association",
      "name": "database_nsg_assoc",
      "provider": "provider[\"registry.terraform.io/hashicorp/azurerm\"]",
      "instances": [
        {
          "schema_version": 0,
          "attributes": {
            "id": "/subscriptions/27bc640c-c9a8-4e69-829d-a9814bec414f/resourceGroups/costco-logistics-fulfillment-resource-group/providers/Microsoft.Network/virtualNetworks/costco-logistics-fulfillment-vnet/subnets/costco-logistics-fulfillment-database-subnet",
            "network_security_group_id": "/subscriptions/27bc640c-c9a8-4e69-829d-a9814bec414f/resourceGroups/costco-logistics-fulfillment-resource-group/providers/Microsoft.Network/networkSecurityGroups/costco-logistics-fulfillment-database-nsg",
            "subnet_id": "/subscriptions/27bc640c-c9a8-4e69-829d-a9814bec414f/resourceGroups/costco-logistics-fulfillment-resource-group/providers/Microsoft.Network/virtualNetworks/costco-logistics-fulfillment-vnet/subnets/costco-logistics-fulfillment-database-subnet",
            "timeouts": null
          },
          "sensitive_attributes": [],
          "private": "eyJlMmJmYjczMC1lY2FhLTExZTYtOGY4OC0zNDM2M2JjN2M0YzAiOnsiY3JlYXRlIjoxODAwMDAwMDAwMDAwLCJkZWxldGUiOjE4MDAwMDAwMDAwMDAsInJlYWQiOjMwMDAwMDAwMDAwMH19",
          "dependencies": [
            "azurerm_network_security_group.database_nsg",
            "azurerm_resource_group.costco_logistics_fulfillment_rg",
            "azurerm_subnet.database_subnet",
            "azurerm_virtual_network.vnet"
          ]
        }
      ]
    },
    {
      "mode": "managed",
      "type": "azurerm_subnet_network_security_group_association",
      "name": "frontend_nsg_assoc",
      "provider": "provider[\"registry.terraform.io/hashicorp/azurerm\"]",
      "instances": [
        {
          "schema_version": 0,
          "attributes": {
            "id": "/subscriptions/27bc640c-c9a8-4e69-829d-a9814bec414f/resourceGroups/costco-logistics-fulfillment-resource-group/providers/Microsoft.Network/virtualNetworks/costco-logistics-fulfillment-vnet/subnets/costco-logistics-fulfillment-frontend-subnet",
            "network_security_group_id": "/subscriptions/27bc640c-c9a8-4e69-829d-a9814bec414f/resourceGroups/costco-logistics-fulfillment-resource-group/providers/Microsoft.Network/networkSecurityGroups/costco-logistics-fulfillment-frontend-nsg",
            "subnet_id": "/subscriptions/27bc640c-c9a8-4e69-829d-a9814bec414f/resourceGroups/costco-logistics-fulfillment-resource-group/providers/Microsoft.Network/virtualNetworks/costco-logistics-fulfillment-vnet/subnets/costco-logistics-fulfillment-frontend-subnet",
            "timeouts": null
          },
          "sensitive_attributes": [],
          "private": "eyJlMmJmYjczMC1lY2FhLTExZTYtOGY4OC0zNDM2M2JjN2M0YzAiOnsiY3JlYXRlIjoxODAwMDAwMDAwMDAwLCJkZWxldGUiOjE4MDAwMDAwMDAwMDAsInJlYWQiOjMwMDAwMDAwMDAwMH19",
          "dependencies": [
            "azurerm_network_security_group.frontend_nsg",
            "azurerm_resource_group.costco_logistics_fulfillment_rg",
            "azurerm_subnet.frontend_subnet",
            "azurerm_virtual_network.vnet"
          ]
        }
      ]
    },
    {
      "mode": "managed",
      "type": "azurerm_subnet_network_security_group_association",
      "name": "public_nsg_assoc",
      "provider": "provider[\"registry.terraform.io/hashicorp/azurerm\"]",
      "instances": [
        {
          "schema_version": 0,
          "attributes": {
            "id": "/subscriptions/27bc640c-c9a8-4e69-829d-a9814bec414f/resourceGroups/costco-logistics-fulfillment-resource-group/providers/Microsoft.Network/virtualNetworks/costco-logistics-fulfillment-vnet/subnets/costco-logistics-fulfillment-public-subnet",
            "network_security_group_id": "/subscriptions/27bc640c-c9a8-4e69-829d-a9814bec414f/resourceGroups/costco-logistics-fulfillment-resource-group/providers/Microsoft.Network/networkSecurityGroups/costco-logistics-fulfillment-public-nsg",
            "subnet_id": "/subscriptions/27bc640c-c9a8-4e69-829d-a9814bec414f/resourceGroups/costco-logistics-fulfillment-resource-group/providers/Microsoft.Network/virtualNetworks/costco-logistics-fulfillment-vnet/subnets/costco-logistics-fulfillment-public-subnet",
            "timeouts": null
          },
          "sensitive_attributes": [],
          "private": "eyJlMmJmYjczMC1lY2FhLTExZTYtOGY4OC0zNDM2M2JjN2M0YzAiOnsiY3JlYXRlIjoxODAwMDAwMDAwMDAwLCJkZWxldGUiOjE4MDAwMDAwMDAwMDAsInJlYWQiOjMwMDAwMDAwMDAwMH19",
          "dependencies": [
            "azurerm_network_security_group.public_nsg",
            "azurerm_resource_group.costco_logistics_fulfillment_rg",
            "azurerm_subnet.public_subnet",
            "azurerm_virtual_network.vnet"
          ]
        }
      ]
    },
    {
      "mode": "managed",
      "type": "azurerm_virtual_network",
      "name": "vnet",
      "provider": "provider[\"registry.terraform.io/hashicorp/azurerm\"]",
      "instances": [
        {
          "schema_version": 0,
          "attributes": {
            "address_space": [
              "10.0.0.0/16"
            ],
            "bgp_community": "",
            "ddos_protection_plan": [],
            "dns_servers": [],
            "edge_zone": "",
            "encryption": [],
            "flow_timeout_in_minutes": 0,
            "guid": "0d0e1923-777a-4de3-8198-e9126477c230",
            "id": "/subscriptions/27bc640c-c9a8-4e69-829d-a9814bec414f/resourceGroups/costco-logistics-fulfillment-resource-group/providers/Microsoft.Network/virtualNetworks/costco-logistics-fulfillment-vnet",
            "location": "eastus",
            "name": "costco-logistics-fulfillment-vnet",
            "resource_group_name": "costco-logistics-fulfillment-resource-group",
            "subnet": [
              {
                "address_prefixes": [
                  "10.0.1.0/24"
                ],
                "default_outbound_access_enabled": true,
                "delegation": [],
                "id": "/subscriptions/27bc640c-c9a8-4e69-829d-a9814bec414f/resourceGroups/costco-logistics-fulfillment-resource-group/providers/Microsoft.Network/virtualNetworks/costco-logistics-fulfillment-vnet/subnets/costco-logistics-fulfillment-public-subnet",
                "name": "costco-logistics-fulfillment-public-subnet",
                "private_endpoint_network_policies": "Disabled",
                "private_link_service_network_policies_enabled": true,
                "route_table_id": "",
                "security_group": "/subscriptions/27bc640c-c9a8-4e69-829d-a9814bec414f/resourceGroups/costco-logistics-fulfillment-resource-group/providers/Microsoft.Network/networkSecurityGroups/costco-logistics-fulfillment-public-nsg",
                "service_endpoint_policy_ids": [],
                "service_endpoints": []
              },
              {
                "address_prefixes": [
                  "10.0.2.0/24"
                ],
                "default_outbound_access_enabled": true,
                "delegation": [],
                "id": "/subscriptions/27bc640c-c9a8-4e69-829d-a9814bec414f/resourceGroups/costco-logistics-fulfillment-resource-group/providers/Microsoft.Network/virtualNetworks/costco-logistics-fulfillment-vnet/subnets/costco-logistics-fulfillment-frontend-subnet",
                "name": "costco-logistics-fulfillment-frontend-subnet",
                "private_endpoint_network_policies": "Disabled",
                "private_link_service_network_policies_enabled": true,
                "route_table_id": "",
                "security_group": "/subscriptions/27bc640c-c9a8-4e69-829d-a9814bec414f/resourceGroups/costco-logistics-fulfillment-resource-group/providers/Microsoft.Network/networkSecurityGroups/costco-logistics-fulfillment-frontend-nsg",
                "service_endpoint_policy_ids": [],
                "service_endpoints": []
              },
              {
                "address_prefixes": [
                  "10.0.3.0/24"
                ],
                "default_outbound_access_enabled": true,
                "delegation": [],
                "id": "/subscriptions/27bc640c-c9a8-4e69-829d-a9814bec414f/resourceGroups/costco-logistics-fulfillment-resource-group/providers/Microsoft.Network/virtualNetworks/costco-logistics-fulfillment-vnet/subnets/costco-logistics-fulfillment-database-subnet",
                "name": "costco-logistics-fulfillment-database-subnet",
                "private_endpoint_network_policies": "Disabled",
                "private_link_service_network_policies_enabled": true,
                "route_table_id": "",
                "security_group": "/subscriptions/27bc640c-c9a8-4e69-829d-a9814bec414f/resourceGroups/costco-logistics-fulfillment-resource-group/providers/Microsoft.Network/networkSecurityGroups/costco-logistics-fulfillment-database-nsg",
                "service_endpoint_policy_ids": [],
                "service_endpoints": []
              }
            ],
            "tags": {},
            "timeouts": null
          },
          "sensitive_attributes": [],
          "private": "eyJlMmJmYjczMC1lY2FhLTExZTYtOGY4OC0zNDM2M2JjN2M0YzAiOnsiY3JlYXRlIjoxODAwMDAwMDAwMDAwLCJkZWxldGUiOjE4MDAwMDAwMDAwMDAsInJlYWQiOjMwMDAwMDAwMDAwMCwidXBkYXRlIjoxODAwMDAwMDAwMDAwfX0=",
          "dependencies": [
            "azurerm_resource_group.costco_logistics_fulfillment_rg"
          ]
        }
      ]
    },
    {
      "mode": "managed",
      "type": "null_resource",
      "name": "ansible_inventory",
      "provider": "provider[\"registry.terraform.io/hashicorp/null\"]",
      "instances": [
        {
          "schema_version": 0,
          "attributes": {
            "id": "6012988034268528162",
            "triggers": null
          },
          "sensitive_attributes": [],
          "dependencies": [
            "azurerm_linux_virtual_machine.database_vm",
            "azurerm_linux_virtual_machine.frontend_vm",
            "azurerm_linux_virtual_machine.loadbalancer_vm",
            "azurerm_network_interface.database_nic",
            "azurerm_network_interface.frontend_nic",
            "azurerm_network_interface.loadbalancer_nic",
            "azurerm_public_ip.database_public_ip",
            "azurerm_public_ip.frontend_public_ip",
            "azurerm_public_ip.loadbalancer_public_ip",
            "azurerm_resource_group.costco_logistics_fulfillment_rg",
            "azurerm_subnet.database_subnet",
            "azurerm_subnet.frontend_subnet",
            "azurerm_subnet.public_subnet",
            "azurerm_virtual_network.vnet"
          ]
        }
      ]
    }
  ],
  "check_results": null
}
